
Microsoft Visual Studio Solution File, Format Version 12.00
# Visual Studio 15
VisualStudioVersion = 15.0.28010.2036
MinimumVisualStudioVersion = 10.0.40219.1
Project("{FAE04EC0-301F-11D3-BF4B-00C04F79EFBC}") = "calculator", "calculator\calculator.csproj", "{2B377343-6258-445F-926D-118008CD5A11}"
EndProject
Global
	GlobalSection(SolutionConfigurationPlatforms) = preSolution
		Debug|Any CPU = Debug|Any CPU
		Release|Any CPU = Release|Any CPU
	EndGlobalSection
	GlobalSection(ProjectConfigurationPlatforms) = postSolution
		{2B377343-6258-445F-926D-118008CD5A11}.Debug|Any CPU.ActiveCfg = Debug|Any CPU
		{2B377343-6258-445F-926D-118008CD5A11}.Debug|Any CPU.Build.0 = Debug|Any CPU
		{2B377343-6258-445F-926D-118008CD5A11}.Release|Any CPU.ActiveCfg = Release|Any CPU
		{2B377343-6258-445F-926D-118008CD5A11}.Release|Any CPU.Build.0 = Release|Any CPU
	EndGlobalSection
	GlobalSection(SolutionProperties) = preSolution
		HideSolutionNode = FALSE
	EndGlobalSection
	GlobalSection(ExtensibilityGlobals) = postSolution
		SolutionGuid = {512FBE81-6B15-48E5-A20A-BFD2D31FCC32}
	EndGlobalSection
EndGlobal
